
Microsoft Visual Studio Solution File, Format Version 12.00
# Visual Studio Version 17
VisualStudioVersion = 17.5.33516.290
MinimumVisualStudioVersion = 10.0.40219.1
Project("{FAE04EC0-301F-11D3-BF4B-00C04F79EFBC}") = "xingchendelu1_newECP", "xingchendelu1_newECP.csproj", "{BC63DC3F-830E-404A-80C2-07A43B23E3DC}"
EndProject
Global
	GlobalSection(SolutionConfigurationPlatforms) = preSolution
		Debug|Any CPU = Debug|Any CPU
		Release|Any CPU = Release|Any CPU
	EndGlobalSection
	GlobalSection(ProjectConfigurationPlatforms) = postSolution
		{BC63DC3F-830E-404A-80C2-07A43B23E3DC}.Debug|Any CPU.ActiveCfg = Debug|Any CPU
		{BC63DC3F-830E-404A-80C2-07A43B23E3DC}.Debug|Any CPU.Build.0 = Debug|Any CPU
		{BC63DC3F-830E-404A-80C2-07A43B23E3DC}.Release|Any CPU.ActiveCfg = Release|Any CPU
		{BC63DC3F-830E-404A-80C2-07A43B23E3DC}.Release|Any CPU.Build.0 = Release|Any CPU
	EndGlobalSection
	GlobalSection(SolutionProperties) = preSolution
		HideSolutionNode = FALSE
	EndGlobalSection
	GlobalSection(ExtensibilityGlobals) = postSolution
		SolutionGuid = {CB658FDD-C49D-464C-95D0-97E652BF11D4}
	EndGlobalSection
EndGlobal
